
Microsoft Visual Studio Solution File, Format Version 12.00
# Visual Studio Version 17
VisualStudioVersion = 17.11.35303.130
MinimumVisualStudioVersion = 10.0.40219.1
Project("{8BC9CEB8-8B4A-11D0-8D11-00A0C91BC942}") = "TestGame", "TestGame\TestGame.vcxproj", "{453239D4-34A0-4F6C-8DD6-97ACC4E6141D}"
EndProject
Global
	GlobalSection(SolutionConfigurationPlatforms) = preSolution
		Debug|x64 = Debug|x64
		Debug|x86 = Debug|x86
		Release|x64 = Release|x64
		Release|x86 = Release|x86
	EndGlobalSection
	GlobalSection(ProjectConfigurationPlatforms) = postSolution
		{453239D4-34A0-4F6C-8DD6-97ACC4E6141D}.Debug|x64.ActiveCfg = Debug|x64
		{453239D4-34A0-4F6C-8DD6-97ACC4E6141D}.Debug|x64.Build.0 = Debug|x64
		{453239D4-34A0-4F6C-8DD6-97ACC4E6141D}.Debug|x86.ActiveCfg = Debug|Win32
		{453239D4-34A0-4F6C-8DD6-97ACC4E6141D}.Debug|x86.Build.0 = Debug|Win32
		{453239D4-34A0-4F6C-8DD6-97ACC4E6141D}.Release|x64.ActiveCfg = Release|x64
		{453239D4-34A0-4F6C-8DD6-97ACC4E6141D}.Release|x64.Build.0 = Release|x64
		{453239D4-34A0-4F6C-8DD6-97ACC4E6141D}.Release|x86.ActiveCfg = Release|Win32
		{453239D4-34A0-4F6C-8DD6-97ACC4E6141D}.Release|x86.Build.0 = Release|Win32
	EndGlobalSection
	GlobalSection(SolutionProperties) = preSolution
		HideSolutionNode = FALSE
	EndGlobalSection
	GlobalSection(ExtensibilityGlobals) = postSolution
		SolutionGuid = {AC6BF9B5-917E-46A0-AE63-37465404AEE3}
	EndGlobalSection
EndGlobal
